
Microsoft Visual Studio Solution File, Format Version 12.00
# Visual Studio 14
VisualStudioVersion = 14.0.25420.1
MinimumVisualStudioVersion = 10.0.40219.1
Project("{FAE04EC0-301F-11D3-BF4B-00C04F79EFBC}") = "PhotoAlbum", "PhotoAlbum\PhotoAlbum.csproj", "{4811405C-A905-4C35-B530-1FFF088B9634}"
EndProject
Project("{FAE04EC0-301F-11D3-BF4B-00C04F79EFBC}") = "PhotoManager", "PhotoManager\PhotoManager.csproj", "{01605B90-DEE3-451A-A1CB-60E2A92804B0}"
EndProject
Project("{FAE04EC0-301F-11D3-BF4B-00C04F79EFBC}") = "Cloud", "Cloud\Cloud.csproj", "{F9276B7D-3654-4FA1-85CE-B0E575B0B14F}"
EndProject
Global
	GlobalSection(SolutionConfigurationPlatforms) = preSolution
		Debug|Any CPU = Debug|Any CPU
		Release|Any CPU = Release|Any CPU
	EndGlobalSection
	GlobalSection(ProjectConfigurationPlatforms) = postSolution
		{4811405C-A905-4C35-B530-1FFF088B9634}.Debug|Any CPU.ActiveCfg = Debug|Any CPU
		{4811405C-A905-4C35-B530-1FFF088B9634}.Debug|Any CPU.Build.0 = Debug|Any CPU
		{4811405C-A905-4C35-B530-1FFF088B9634}.Debug|Any CPU.Deploy.0 = Debug|Any CPU
		{4811405C-A905-4C35-B530-1FFF088B9634}.Release|Any CPU.ActiveCfg = Release|Any CPU
		{4811405C-A905-4C35-B530-1FFF088B9634}.Release|Any CPU.Build.0 = Release|Any CPU
		{4811405C-A905-4C35-B530-1FFF088B9634}.Release|Any CPU.Deploy.0 = Release|Any CPU
		{01605B90-DEE3-451A-A1CB-60E2A92804B0}.Debug|Any CPU.ActiveCfg = Debug|Any CPU
		{01605B90-DEE3-451A-A1CB-60E2A92804B0}.Debug|Any CPU.Build.0 = Debug|Any CPU
		{01605B90-DEE3-451A-A1CB-60E2A92804B0}.Release|Any CPU.ActiveCfg = Release|Any CPU
		{01605B90-DEE3-451A-A1CB-60E2A92804B0}.Release|Any CPU.Build.0 = Release|Any CPU
		{F9276B7D-3654-4FA1-85CE-B0E575B0B14F}.Debug|Any CPU.ActiveCfg = Debug|Any CPU
		{F9276B7D-3654-4FA1-85CE-B0E575B0B14F}.Debug|Any CPU.Build.0 = Debug|Any CPU
		{F9276B7D-3654-4FA1-85CE-B0E575B0B14F}.Release|Any CPU.ActiveCfg = Release|Any CPU
		{F9276B7D-3654-4FA1-85CE-B0E575B0B14F}.Release|Any CPU.Build.0 = Release|Any CPU
	EndGlobalSection
	GlobalSection(SolutionProperties) = preSolution
		HideSolutionNode = FALSE
	EndGlobalSection
EndGlobal
